// !$*UTF8*$!
{
	archiveVersion = 1;
	classes = {
	};
	objectVersion = 46;
	objects = {

/* Begin PBXBuildFile section */
		5B3CC1971D5C16DB0060E612 /* AppDelegate.swift in Sources */ = {isa = PBXBuildFile; fileRef = 5B3CC1961D5C16DB0060E612 /* AppDelegate.swift */; };
		5B3CC1991D5C16DB0060E612 /* ViewController.swift in Sources */ = {isa = PBXBuildFile; fileRef = 5B3CC1981D5C16DB0060E612 /* ViewController.swift */; };
		5B3CC19C1D5C16DB0060E612 /* Main.storyboard in Resources */ = {isa = PBXBuildFile; fileRef = 5B3CC19A1D5C16DB0060E612 /* Main.storyboard */; };
		5B3CC19E1D5C16DB0060E612 /* Assets.xcassets in Resources */ = {isa = PBXBuildFile; fileRef = 5B3CC19D1D5C16DB0060E612 /* Assets.xcassets */; };
		5B3CC1A11D5C16DB0060E612 /* LaunchScreen.storyboard in Resources */ = {isa = PBXBuildFile; fileRef = 5B3CC19F1D5C16DB0060E612 /* LaunchScreen.storyboard */; };
		5B3CC1AC1D5C16DB0060E612 /* SwiftWeatherUITests.swift in Sources */ = {isa = PBXBuildFile; fileRef = 5B3CC1AB1D5C16DB0060E612 /* SwiftWeatherUITests.swift */; };
/* End PBXBuildFile section */

/* Begin PBXContainerItemProxy section */
		5B3CC1A81D5C16DB0060E612 /* PBXContainerItemProxy */ = {
			isa = PBXContainerItemProxy;
			containerPortal = 5B3CC18B1D5C16DB0060E612 /* Project object */;
			proxyType = 1;
			remoteGlobalIDString = 5B3CC1921D5C16DB0060E612;
			remoteInfo = SwiftWeather;
		};
/* End PBXContainerItemProxy section */

/* Begin PBXFileReference section */
		5B3CC1931D5C16DB0060E612 /* SwiftWeather.app */ = {isa = PBXFileReference; explicitFileType = wrapper.application; includeInIndex = 0; path = SwiftWeather.app; sourceTree = BUILT_PRODUCTS_DIR; };
		5B3CC1961D5C16DB0060E612 /* AppDelegate.swift */ = {isa = PBXFileReference; lastKnownFileType = sourcecode.swift; path = AppDelegate.swift; sourceTree = "<group>"; };
		5B3CC1981D5C16DB0060E612 /* ViewController.swift */ = {isa = PBXFileReference; lastKnownFileType = sourcecode.swift; path = ViewController.swift; sourceTree = "<group>"; };
		5B3CC19B1D5C16DB0060E612 /* Base */ = {isa = PBXFileReference; lastKnownFileType = file.storyboard; name = Base; path = Base.lproj/Main.storyboard; sourceTree = "<group>"; };
		5B3CC19D1D5C16DB0060E612 /* Assets.xcassets */ = {isa = PBXFileReference; lastKnownFileType = folder.assetcatalog; path = Assets.xcassets; sourceTree = "<group>"; };
		5B3CC1A01D5C16DB0060E612 /* Base */ = {isa = PBXFileReference; lastKnownFileType = file.storyboard; name = Base; path = Base.lproj/LaunchScreen.storyboard; sourceTree = "<group>"; };
		5B3CC1A21D5C16DB0060E612 /* Info.plist */ = {isa = PBXFileReference; lastKnownFileType = text.plist.xml; path = Info.plist; sourceTree = "<group>"; };
		5B3CC1A71D5C16DB0060E612 /* SwiftWeatherUITests.xctest */ = {isa = PBXFileReference; explicitFileType = wrapper.cfbundle; includeInIndex = 0; path = SwiftWeatherUITests.xctest; sourceTree = BUILT_PRODUCTS_DIR; };
		5B3CC1AB1D5C16DB0060E612 /* SwiftWeatherUITests.swift */ = {isa = PBXFileReference; lastKnownFileType = sourcecode.swift; path = SwiftWeatherUITests.swift; sourceTree = "<group>"; };
		5B3CC1AD1D5C16DB0060E612 /* Info.plist */ = {isa = PBXFileReference; lastKnownFileType = text.plist.xml; path = Info.plist; sourceTree = "<group>"; };
/* End PBXFileReference section */

/* Begin PBXFrameworksBuildPhase section */
		5B3CC1901D5C16DB0060E612 /* Frameworks */ = {
			isa = PBXFrameworksBuildPhase;
			buildActionMask = 2147483647;
			files = (
			);
			runOnlyForDeploymentPostprocessing = 0;
		};
		5B3CC1A41D5C16DB0060E612 /* Frameworks */ = {
			isa = PBXFrameworksBuildPhase;
			buildActionMask = 2147483647;
			files = (
			);
			runOnlyForDeploymentPostprocessing = 0;
		};
/* End PBXFrameworksBuildPhase section */

/* Begin PBXGroup section */
		5B3CC18A1D5C16DB0060E612 = {
			isa = PBXGroup;
			children = (
				5B3CC1951D5C16DB0060E612 /* SwiftWeather */,
				5B3CC1AA1D5C16DB0060E612 /* SwiftWeatherUITests */,
				5B3CC1941D5C16DB0060E612 /* Products */,
			);
			sourceTree = "<group>";
		};
		5B3CC1941D5C16DB0060E612 /* Products */ = {
			isa = PBXGroup;
			children = (
				5B3CC1931D5C16DB0060E612 /* SwiftWeather.app */,
				5B3CC1A71D5C16DB0060E612 /* SwiftWeatherUITests.xctest */,
			);
			name = Products;
			sourceTree = "<group>";
		};
		5B3CC1951D5C16DB0060E612 /* SwiftWeather */ = {
			isa = PBXGroup;
			children = (
				5B3CC1961D5C16DB0060E612 /* AppDelegate.swift */,
				5B3CC1981D5C16DB0060E612 /* ViewController.swift */,
				5B3CC19A1D5C16DB0060E612 /* Main.storyboard */,
				5B3CC19D1D5C16DB0060E612 /* Assets.xcassets */,
				5B3CC19F1D5C16DB0060E612 /* LaunchScreen.storyboard */,
				5B3CC1A21D5C16DB0060E612 /* Info.plist */,
			);
			path = SwiftWeather;
			sourceTree = "<group>";
		};
		5B3CC1AA1D5C16DB0060E612 /* SwiftWeatherUITests */ = {
			isa = PBXGroup;
			children = (
				5B3CC1AB1D5C16DB0060E612 /* SwiftWeatherUITests.swift */,
				5B3CC1AD1D5C16DB0060E612 /* Info.plist */,
			);
			path = SwiftWeatherUITests;
			sourceTree = "<group>";
		};
/* End PBXGroup section */

/* Begin PBXNativeTarget section */
		5B3CC1921D5C16DB0060E612 /* SwiftWeather */ = {
			isa = PBXNativeTarget;
			buildConfigurationList = 5B3CC1B01D5C16DB0060E612 /* Build configuration list for PBXNativeTarget "SwiftWeather" */;
			buildPhases = (
				5B3CC18F1D5C16DB0060E612 /* Sources */,
				5B3CC1901D5C16DB0060E612 /* Frameworks */,
				5B3CC1911D5C16DB0060E612 /* Resources */,
			);
			buildRules = (
			);
			dependencies = (
			);
			name = SwiftWeather;
			productName = SwiftWeather;
			productReference = 5B3CC1931D5C16DB0060E612 /* SwiftWeather.app */;
			productType = "com.apple.product-type.application";
		};
		5B3CC1A61D5C16DB0060E612 /* SwiftWeatherUITests */ = {
			isa = PBXNativeTarget;
			buildConfigurationList = 5B3CC1B31D5C16DB0060E612 /* Build configuration list for PBXNativeTarget "SwiftWeatherUITests" */;
			buildPhases = (
				5B3CC1A31D5C16DB0060E612 /* Sources */,
				5B3CC1A41D5C16DB0060E612 /* Frameworks */,
				5B3CC1A51D5C16DB0060E612 /* Resources */,
			);
			buildRules = (
			);
			dependencies = (
				5B3CC1A91D5C16DB0060E612 /* PBXTargetDependency */,
			);
			name = SwiftWeatherUITests;
			productName = SwiftWeatherUITests;
			productReference = 5B3CC1A71D5C16DB0060E612 /* SwiftWeatherUITests.xctest */;
			productType = "com.apple.product-type.bundle.ui-testing";
		};
/* End PBXNativeTarget section */

/* Begin PBXProject section */
		5B3CC18B1D5C16DB0060E612 /* Project object */ = {
			isa = PBXProject;
			attributes = {
				LastSwiftUpdateCheck = 0730;
				LastUpgradeCheck = 0730;
				ORGANIZATIONNAME = "fanzhen meng";
				TargetAttributes = {
					5B3CC1921D5C16DB0060E612 = {
						CreatedOnToolsVersion = 7.3.1;
					};
					5B3CC1A61D5C16DB0060E612 = {
						CreatedOnToolsVersion = 7.3.1;
						TestTargetID = 5B3CC1921D5C16DB0060E612;
					};
				};
			};
			buildConfigurationList = 5B3CC18E1D5C16DB0060E612 /* Build configuration list for PBXProject "SwiftWeather" */;
			compatibilityVersion = "Xcode 3.2";
			developmentRegion = English;
			hasScannedForEncodings = 0;
			knownRegions = (
				en,
				Base,
			);
			mainGroup = 5B3CC18A1D5C16DB0060E612;
			productRefGroup = 5B3CC1941D5C16DB0060E612 /* Products */;
			projectDirPath = "";
			projectRoot = "";
			targets = (
				5B3CC1921D5C16DB0060E612 /* SwiftWeather */,
				5B3CC1A61D5C16DB0060E612 /* SwiftWeatherUITests */,
			);
		};
/* End PBXProject section */

/* Begin PBXResourcesBuildPhase section */
		5B3CC1911D5C16DB0060E612 /* Resources */ = {
			isa = PBXResourcesBuildPhase;
			buildActionMask = 2147483647;
			files = (
				5B3CC1A11D5C16DB0060E612 /* LaunchScreen.storyboard in Resources */,
				5B3CC19E1D5C16DB0060E612 /* Assets.xcassets in Resources */,
				5B3CC19C1D5C16DB0060E612 /* Main.storyboard in Resources */,
			);
			runOnlyForDeploymentPostprocessing = 0;
		};
		5B3CC1A51D5C16DB0060E612 /* Resources */ = {
			isa = PBXResourcesBuildPhase;
			buildActionMask = 2147483647;
			files = (
			);
			runOnlyForDeploymentPostprocessing = 0;
		};
/* End PBXResourcesBuildPhase section */

/* Begin PBXSourcesBuildPhase section */
		5B3CC18F1D5C16DB0060E612 /* Sources */ = {
			isa = PBXSourcesBuildPhase;
			buildActionMask = 2147483647;
			files = (
				5B3CC1991D5C16DB0060E612 /* ViewController.swift in Sources */,
				5B3CC1971D5C16DB0060E612 /* AppDelegate.swift in Sources */,
			);
			runOnlyForDeploymentPostprocessing = 0;
		};
		5B3CC1A31D5C16DB0060E612 /* Sources */ = {
			isa = PBXSourcesBuildPhase;
			buildActionMask = 2147483647;
			files = (
				5B3CC1AC1D5C16DB0060E612 /* SwiftWeatherUITests.swift in Sources */,
			);
			runOnlyForDeploymentPostprocessing = 0;
		};
/* End PBXSourcesBuildPhase section */

/* Begin PBXTargetDependency section */
		5B3CC1A91D5C16DB0060E612 /* PBXTargetDependency */ = {
			isa = PBXTargetDependency;
			target = 5B3CC1921D5C16DB0060E612 /* SwiftWeather */;
			targetProxy = 5B3CC1A81D5C16DB0060E612 /* PBXContainerItemProxy */;
		};
/* End PBXTargetDependency section */

/* Begin PBXVariantGroup section */
		5B3CC19A1D5C16DB0060E612 /* Main.storyboard */ = {
			isa = PBXVariantGroup;
			children = (
				5B3CC19B1D5C16DB0060E612 /* Base */,
			);
			name = Main.storyboard;
			sourceTree = "<group>";
		};
		5B3CC19F1D5C16DB0060E612 /* LaunchScreen.storyboard */ = {
			isa = PBXVariantGroup;
			children = (
				5B3CC1A01D5C16DB0060E612 /* Base */,
			);
			name = LaunchScreen.storyboard;
			sourceTree = "<group>";
		};
/* End PBXVariantGroup section */

/* Begin XCBuildConfiguration section */
		5B3CC1AE1D5C16DB0060E612 /* Debug */ = {
			isa = XCBuildConfiguration;
			buildSettings = {
				ALWAYS_SEARCH_USER_PATHS = NO;
				CLANG_ANALYZER_NONNULL = YES;
				CLANG_CXX_LANGUAGE_STANDARD = "gnu++0x";
				CLANG_CXX_LIBRARY = "libc++";
				CLANG_ENABLE_MODULES = YES;
				CLANG_ENABLE_OBJC_ARC = YES;
				CLANG_WARN_BOOL_CONVERSION = YES;
				CLANG_WARN_CONSTANT_CONVERSION = YES;
				CLANG_WARN_DIRECT_OBJC_ISA_USAGE = YES_ERROR;
				CLANG_WARN_EMPTY_BODY = YES;
				CLANG_WARN_ENUM_CONVERSION = YES;
				CLANG_WARN_INT_CONVERSION = YES;
				CLANG_WARN_OBJC_ROOT_CLASS = YES_ERROR;
				CLANG_WARN_UNREACHABLE_CODE = YES;
				CLANG_WARN__DUPLICATE_METHOD_MATCH = YES;
				"CODE_SIGN_IDENTITY[sdk=iphoneos*]" = "iPhone Developer";
				COPY_PHASE_STRIP = NO;
				DEBUG_INFORMATION_FORMAT = dwarf;
				ENABLE_STRICT_OBJC_MSGSEND = YES;
				ENABLE_TESTABILITY = YES;
				GCC_C_LANGUAGE_STANDARD = gnu99;
				GCC_DYNAMIC_NO_PIC = NO;
				GCC_NO_COMMON_BLOCKS = YES;
				GCC_OPTIMIZATION_LEVEL = 0;
				GCC_PREPROCESSOR_DEFINITIONS = (
					"DEBUG=1",
					"$(inherited)",
				);
				GCC_WARN_64_TO_32_BIT_CONVERSION = YES;
				GCC_WARN_ABOUT_RETURN_TYPE = YES_ERROR;
				GCC_WARN_UNDECLARED_SELECTOR = YES;
				GCC_WARN_UNINITIALIZED_AUTOS = YES_AGGRESSIVE;
				GCC_WARN_UNUSED_FUNCTION = YES;
				GCC_WARN_UNUSED_VARIABLE = YES;
				IPHONEOS_DEPLOYMENT_TARGET = 9.3;
				MTL_ENABLE_DEBUG_INFO = YES;
				ONLY_ACTIVE_ARCH = YES;
				SDKROOT = iphoneos;
				SWIFT_OPTIMIZATION_LEVEL = "-Onone";
			};
			name = Debug;
		};
		5B3CC1AF1D5C16DB0060E612 /* Release */ = {
			isa = XCBuildConfiguration;
			buildSettings = {
				ALWAYS_SEARCH_USER_PATHS = NO;
				CLANG_ANALYZER_NONNULL = YES;
				CLANG_CXX_LANGUAGE_STANDARD = "gnu++0x";
				CLANG_CXX_LIBRARY = "libc++";
				CLANG_ENABLE_MODULES = YES;
				CLANG_ENABLE_OBJC_ARC = YES;
				CLANG_WARN_BOOL_CONVERSION = YES;
				CLANG_WARN_CONSTANT_CONVERSION = YES;
				CLANG_WARN_DIRECT_OBJC_ISA_USAGE = YES_ERROR;
				CLANG_WARN_EMPTY_BODY = YES;
				CLANG_WARN_ENUM_CONVERSION = YES;
				CLANG_WARN_INT_CONVERSION = YES;
				CLANG_WARN_OBJC_ROOT_CLASS = YES_ERROR;
				CLANG_WARN_UNREACHABLE_CODE = YES;
				CLANG_WARN__DUPLICATE_METHOD_MATCH = YES;
				"CODE_SIGN_IDENTITY[sdk=iphoneos*]" = "iPhone Developer";
				COPY_PHASE_STRIP = NO;
				DEBUG_INFORMATION_FORMAT = "dwarf-with-dsym";
				ENABLE_NS_ASSERTIONS = NO;
				ENABLE_STRICT_OBJC_MSGSEND = YES;
				GCC_C_LANGUAGE_STANDARD = gnu99;
				GCC_NO_COMMON_BLOCKS = YES;
				GCC_WARN_64_TO_32_BIT_CONVERSION = YES;
				GCC_WARN_ABOUT_RETURN_TYPE = YES_ERROR;
				GCC_WARN_UNDECLARED_SELECTOR = YES;
				GCC_WARN_UNINITIALIZED_AUTOS = YES_AGGRESSIVE;
				GCC_WARN_UNUSED_FUNCTION = YES;
				GCC_WARN_UNUSED_VARIABLE = YES;
				IPHONEOS_DEPLOYMENT_TARGET = 9.3;
				MTL_ENABLE_DEBUG_INFO = NO;
				SDKROOT = iphoneos;
				VALIDATE_PRODUCT = YES;
			};
			name = Release;
		};
		5B3CC1B11D5C16DB0060E612 /* Debug */ = {
			isa = XCBuildConfiguration;
			buildSettings = {
				ASSETCATALOG_COMPILER_APPICON_NAME = AppIcon;
				INFOPLIST_FILE = SwiftWeather/Info.plist;
				LD_RUNPATH_SEARCH_PATHS = "$(inherited) @executable_path/Frameworks";
				PRODUCT_BUNDLE_IDENTIFIER = com.mfz.SwiftWeather;
				PRODUCT_NAME = "$(TARGET_NAME)";
				TARGETED_DEVICE_FAMILY = "1,2";
			};
			name = Debug;
		};
		5B3CC1B21D5C16DB0060E612 /* Release */ = {
			isa = XCBuildConfiguration;
			buildSettings = {
				ASSETCATALOG_COMPILER_APPICON_NAME = AppIcon;
				INFOPLIST_FILE = SwiftWeather/Info.plist;
				LD_RUNPATH_SEARCH_PATHS = "$(inherited) @executable_path/Frameworks";
				PRODUCT_BUNDLE_IDENTIFIER = com.mfz.SwiftWeather;
				PRODUCT_NAME = "$(TARGET_NAME)";
				TARGETED_DEVICE_FAMILY = "1,2";
			};
			name = Release;
		};
		5B3CC1B41D5C16DB0060E612 /* Debug */ = {
			isa = XCBuildConfiguration;
			buildSettings = {
				INFOPLIST_FILE = SwiftWeatherUITests/Info.plist;
				LD_RUNPATH_SEARCH_PATHS = "$(inherited) @executable_path/Frameworks @loader_path/Frameworks";
				PRODUCT_BUNDLE_IDENTIFIER = com.mfz.SwiftWeatherUITests;
				PRODUCT_NAME = "$(TARGET_NAME)";
				TEST_TARGET_NAME = SwiftWeather;
			};
			name = Debug;
		};
		5B3CC1B51D5C16DB0060E612 /* Release */ = {
			isa = XCBuildConfiguration;
			buildSettings = {
				INFOPLIST_FILE = SwiftWeatherUITests/Info.plist;
				LD_RUNPATH_SEARCH_PATHS = "$(inherited) @executable_path/Frameworks @loader_path/Frameworks";
				PRODUCT_BUNDLE_IDENTIFIER = com.mfz.SwiftWeatherUITests;
				PRODUCT_NAME = "$(TARGET_NAME)";
				TEST_TARGET_NAME = SwiftWeather;
			};
			name = Release;
		};
/* End XCBuildConfiguration section */

/* Begin XCConfigurationList section */
		5B3CC18E1D5C16DB0060E612 /* Build configuration list for PBXProject "SwiftWeather" */ = {
			isa = XCConfigurationList;
			buildConfigurations = (
				5B3CC1AE1D5C16DB0060E612 /* Debug */,
				5B3CC1AF1D5C16DB0060E612 /* Release */,
			);
			defaultConfigurationIsVisible = 0;
			defaultConfigurationName = Release;
		};
		5B3CC1B01D5C16DB0060E612 /* Build configuration list for PBXNativeTarget "SwiftWeather" */ = {
			isa = XCConfigurationList;
			buildConfigurations = (
				5B3CC1B11D5C16DB0060E612 /* Debug */,
				5B3CC1B21D5C16DB0060E612 /* Release */,
			);
			defaultConfigurationIsVisible = 0;
			defaultConfigurationName = Release;
		};
		5B3CC1B31D5C16DB0060E612 /* Build configuration list for PBXNativeTarget "SwiftWeatherUITests" */ = {
			isa = XCConfigurationList;
			buildConfigurations = (
				5B3CC1B41D5C16DB0060E612 /* Debug */,
				5B3CC1B51D5C16DB0060E612 /* Release */,
			);
			defaultConfigurationIsVisible = 0;
			defaultConfigurationName = Release;
		};
/* End XCConfigurationList section */
	};
	rootObject = 5B3CC18B1D5C16DB0060E612 /* Project object */;
}
